
Microsoft Visual Studio Solution File, Format Version 12.00
# Visual Studio Version 16
VisualStudioVersion = 16.0.29806.167
MinimumVisualStudioVersion = 10.0.40219.1
Project("{FAE04EC0-301F-11D3-BF4B-00C04F79EFBC}") = "Project_1", "Project_1\Project_1.csproj", "{B8C2A7C8-AA98-434C-BD6D-FC98ED759D2B}"
EndProject
Global
	GlobalSection(SolutionConfigurationPlatforms) = preSolution
		Debug|Any CPU = Debug|Any CPU
		Release|Any CPU = Release|Any CPU
	EndGlobalSection
	GlobalSection(ProjectConfigurationPlatforms) = postSolution
		{B8C2A7C8-AA98-434C-BD6D-FC98ED759D2B}.Debug|Any CPU.ActiveCfg = Debug|Any CPU
		{B8C2A7C8-AA98-434C-BD6D-FC98ED759D2B}.Debug|Any CPU.Build.0 = Debug|Any CPU
		{B8C2A7C8-AA98-434C-BD6D-FC98ED759D2B}.Release|Any CPU.ActiveCfg = Release|Any CPU
		{B8C2A7C8-AA98-434C-BD6D-FC98ED759D2B}.Release|Any CPU.Build.0 = Release|Any CPU
	EndGlobalSection
	GlobalSection(SolutionProperties) = preSolution
		HideSolutionNode = FALSE
	EndGlobalSection
	GlobalSection(ExtensibilityGlobals) = postSolution
		SolutionGuid = {5DC4212E-E677-4040-A9B4-B65B8E855A13}
	EndGlobalSection
EndGlobal
